
Microsoft Visual Studio Solution File, Format Version 12.00
# Visual Studio 15
VisualStudioVersion = 15.0.27004.2005
MinimumVisualStudioVersion = 10.0.40219.1
Project("{9A19103F-16F7-4668-BE54-9A1E7A4F7556}") = "Day01.ConsoleApp", "Day01.ConsoleApp\Day01.ConsoleApp.csproj", "{8FE2A0E6-E6FD-4DB9-AB00-8D6247DD3942}"
EndProject
Project("{FAE04EC0-301F-11D3-BF4B-00C04F79EFBC}") = "Day01-2.ConsoleApp", "Day01-2.ConsoleApp\Day01-2.ConsoleApp.csproj", "{CCEA82DF-FA5F-46AB-970E-FE025FBFDA7E}"
EndProject
Global
	GlobalSection(SolutionConfigurationPlatforms) = preSolution
		Debug|Any CPU = Debug|Any CPU
		Release|Any CPU = Release|Any CPU
	EndGlobalSection
	GlobalSection(ProjectConfigurationPlatforms) = postSolution
		{8FE2A0E6-E6FD-4DB9-AB00-8D6247DD3942}.Debug|Any CPU.ActiveCfg = Debug|Any CPU
		{8FE2A0E6-E6FD-4DB9-AB00-8D6247DD3942}.Debug|Any CPU.Build.0 = Debug|Any CPU
		{8FE2A0E6-E6FD-4DB9-AB00-8D6247DD3942}.Release|Any CPU.ActiveCfg = Release|Any CPU
		{8FE2A0E6-E6FD-4DB9-AB00-8D6247DD3942}.Release|Any CPU.Build.0 = Release|Any CPU
		{CCEA82DF-FA5F-46AB-970E-FE025FBFDA7E}.Debug|Any CPU.ActiveCfg = Debug|Any CPU
		{CCEA82DF-FA5F-46AB-970E-FE025FBFDA7E}.Debug|Any CPU.Build.0 = Debug|Any CPU
		{CCEA82DF-FA5F-46AB-970E-FE025FBFDA7E}.Release|Any CPU.ActiveCfg = Release|Any CPU
		{CCEA82DF-FA5F-46AB-970E-FE025FBFDA7E}.Release|Any CPU.Build.0 = Release|Any CPU
	EndGlobalSection
	GlobalSection(SolutionProperties) = preSolution
		HideSolutionNode = FALSE
	EndGlobalSection
	GlobalSection(ExtensibilityGlobals) = postSolution
		SolutionGuid = {4C804B47-C523-41E5-BBEE-891FDEA4B9E3}
	EndGlobalSection
EndGlobal
